# This file is automatically @generated by Cargo.
# It is not intended for manual editing.
version = 3

[[package]]
name = "benchmark"
version = "0.1.0"
dependencies = [
 "common_api",
 "static-rc",
]

[[package]]
name = "common_api"
version = "0.1.0"

[[package]]
name = "static-rc"
version = "0.6.1"
source = "registry+https://github.com/rust-lang/crates.io-index"
checksum = "b91d0104a7b28aeda24b30919f83222570111ac0bf1aab23aaffb8f59330e654"
